{
  "pins" : [
    {
      "identity" : "any",
      "kind" : "remoteSourceControl",
      "location" : "https://github.com/The-Wand/Any.git",
      "state" : {
        "revision" : "ba94ebd40a70c5d6d058ae25f3b7cacb810dfec4",
        "version" : "1.0.1"
      }
    },
    {
      "identity" : "wand",
      "kind" : "remoteSourceControl",
      "location" : "https://github.com/The-Wand/Wand.git",
      "state" : {
        "revision" : "bee1c450a2e9da7fbbcad3bd1c3fad33ebd767a9",
        "version" : "2.0.3"
      }
    }
  ],
  "version" : 2
}
