{
  "originHash" : "80e58b108275a7dcfe9fb70716a43d8bb2b300def13b7d45d44153fa13091c53",
  "pins" : [
    {
      "identity" : "any",
      "kind" : "remoteSourceControl",
      "location" : "https://github.com/el-machine/Any",
      "state" : {
        "revision" : "ba94ebd40a70c5d6d058ae25f3b7cacb810dfec4",
        "version" : "1.0.1"
      }
    },
    {
      "identity" : "wand",
      "kind" : "remoteSourceControl",
      "location" : "https://github.com/The-Wand/Wand.git",
      "state" : {
        "revision" : "283250230385da69d1983bb84327f261f47a0ee8",
        "version" : "2.0.12"
      }
    }
  ],
  "version" : 3
}
