{
  "originHash" : "395be8f5bbeadb49fb9934a38db2d391b128783b552b3668f0914698fb712a61",
  "pins" : [
    {
      "identity" : "wand",
      "kind" : "remoteSourceControl",
      "location" : "https://github.com/el-machine/Wand.git",
      "state" : {
        "revision" : "4dea8ed142a9c1554f46a776c8543f3326de2626",
        "version" : "1.1.1-rc.5"
      }
    }
  ],
  "version" : 3
}
