{
  "originHash" : "4a3279869ac610d16da2be78369a63cf6ad2975cfbdc56ed0d24590360b8148c",
  "pins" : [
    {
      "identity" : "wand",
      "kind" : "remoteSourceControl",
      "location" : "https://github.com/el-machine/Wand.git",
      "state" : {
        "revision" : "9db8cbeab4471aa64d517836e8e17896363f661f",
        "version" : "1.3.2"
      }
    }
  ],
  "version" : 3
}
